{
  "name": "wingmanpm-product-designer",
  "version": "1.1.0",
  "lockfileVersion": 3,
  "requires": true,
  "packages": {
    "": {
      "name": "wingmanpm-product-designer",
      "version": "1.1.0",
      "license": "Apache-2.0",
      "bin": {
        "wingman-design": "skills/wingmanpm-product-designer/bin/wingman-design.mjs",
        "wingmanpm-product-designer": "bin/wingmanpm-product-designer.mjs"
      },
      "engines": {
        "node": ">=20"
      }
    }
  }
}
