{
  "name": "wingmanpm-product-designer-private",
  "version": "0.2.0-private.2",
  "lockfileVersion": 3,
  "requires": true,
  "packages": {
    "": {
      "name": "wingmanpm-product-designer-private",
      "version": "0.2.0-private.2",
      "license": "Apache-2.0",
      "bin": {
        "wingman-design": "bin/wingman-design.mjs"
      },
      "engines": {
        "node": ">=20"
      }
    }
  }
}
